
Microsoft Visual Studio Solution File, Format Version 12.00
# Visual Studio Version 17
VisualStudioVersion = 17.3.32922.545
MinimumVisualStudioVersion = 10.0.40219.1
Project("{FAE04EC0-301F-11D3-BF4B-00C04F79EFBC}") = "Zmijica", "Zmijica\Zmijica.csproj", "{84222557-31E2-4F4E-9EB0-91D6B178FC11}"
EndProject
Global
	GlobalSection(SolutionConfigurationPlatforms) = preSolution
		Debug|Any CPU = Debug|Any CPU
		Release|Any CPU = Release|Any CPU
	EndGlobalSection
	GlobalSection(ProjectConfigurationPlatforms) = postSolution
		{84222557-31E2-4F4E-9EB0-91D6B178FC11}.Debug|Any CPU.ActiveCfg = Debug|Any CPU
		{84222557-31E2-4F4E-9EB0-91D6B178FC11}.Debug|Any CPU.Build.0 = Debug|Any CPU
		{84222557-31E2-4F4E-9EB0-91D6B178FC11}.Release|Any CPU.ActiveCfg = Release|Any CPU
		{84222557-31E2-4F4E-9EB0-91D6B178FC11}.Release|Any CPU.Build.0 = Release|Any CPU
	EndGlobalSection
	GlobalSection(SolutionProperties) = preSolution
		HideSolutionNode = FALSE
	EndGlobalSection
	GlobalSection(ExtensibilityGlobals) = postSolution
		SolutionGuid = {5C0CBC1F-60DB-45B0-B1D6-3828175158CE}
	EndGlobalSection
EndGlobal
